
Microsoft Visual Studio Solution File, Format Version 12.00
# Visual Studio Version 17
VisualStudioVersion = 17.7.34031.279
MinimumVisualStudioVersion = 10.0.40219.1
Project("{FAE04EC0-301F-11D3-BF4B-00C04F79EFBC}") = "solodkaya.lab.8", "solodkaya.lab.8\solodkaya.lab.8.csproj", "{A6B09D5A-F1C5-44BB-9769-AEDA5AEBCF9C}"
EndProject
Global
	GlobalSection(SolutionConfigurationPlatforms) = preSolution
		Debug|Any CPU = Debug|Any CPU
		Release|Any CPU = Release|Any CPU
	EndGlobalSection
	GlobalSection(ProjectConfigurationPlatforms) = postSolution
		{A6B09D5A-F1C5-44BB-9769-AEDA5AEBCF9C}.Debug|Any CPU.ActiveCfg = Debug|Any CPU
		{A6B09D5A-F1C5-44BB-9769-AEDA5AEBCF9C}.Debug|Any CPU.Build.0 = Debug|Any CPU
		{A6B09D5A-F1C5-44BB-9769-AEDA5AEBCF9C}.Release|Any CPU.ActiveCfg = Release|Any CPU
		{A6B09D5A-F1C5-44BB-9769-AEDA5AEBCF9C}.Release|Any CPU.Build.0 = Release|Any CPU
	EndGlobalSection
	GlobalSection(SolutionProperties) = preSolution
		HideSolutionNode = FALSE
	EndGlobalSection
	GlobalSection(ExtensibilityGlobals) = postSolution
		SolutionGuid = {88293311-943B-4000-9684-A721EAF0B0F2}
	EndGlobalSection
EndGlobal
